// !$*UTF8*$!
{
	archiveVersion = 1;
	classes = {
	};
	objectVersion = 50;
	objects = {

/* Begin PBXBuildFile section */
		110B20E8BB76E5D207BB7D52 /* libPods-XMMenuView.a in Frameworks */ = {isa = PBXBuildFile; fileRef = 65E8CE922207B9B37CD87711 /* libPods-XMMenuView.a */; };
		9BA3068422E9820100DBF1A8 /* AppDelegate.m in Sources */ = {isa = PBXBuildFile; fileRef = 9BA3068322E9820100DBF1A8 /* AppDelegate.m */; };
		9BA3068A22E9820100DBF1A8 /* Main.storyboard in Resources */ = {isa = PBXBuildFile; fileRef = 9BA3068822E9820100DBF1A8 /* Main.storyboard */; };
		9BA3068C22E9820200DBF1A8 /* Assets.xcassets in Resources */ = {isa = PBXBuildFile; fileRef = 9BA3068B22E9820200DBF1A8 /* Assets.xcassets */; };
		9BA3068F22E9820200DBF1A8 /* LaunchScreen.storyboard in Resources */ = {isa = PBXBuildFile; fileRef = 9BA3068D22E9820200DBF1A8 /* LaunchScreen.storyboard */; };
		9BA3069222E9820200DBF1A8 /* main.m in Sources */ = {isa = PBXBuildFile; fileRef = 9BA3069122E9820200DBF1A8 /* main.m */; };
		9BA3069A22E9836300DBF1A8 /* HomeViewController.m in Sources */ = {isa = PBXBuildFile; fileRef = 9BA3069922E9836300DBF1A8 /* HomeViewController.m */; };
		9BA3069E22E9875D00DBF1A8 /* XMMenuView.m in Sources */ = {isa = PBXBuildFile; fileRef = 9BA3069D22E9875D00DBF1A8 /* XMMenuView.m */; };
		9BA306A122E9A15300DBF1A8 /* XMMenuTableHeaderView.m in Sources */ = {isa = PBXBuildFile; fileRef = 9BA306A022E9A15300DBF1A8 /* XMMenuTableHeaderView.m */; };
/* End PBXBuildFile section */

/* Begin PBXFileReference section */
		2C193281DF4DFCE9964AF350 /* Pods-XMMenuView.release.xcconfig */ = {isa = PBXFileReference; includeInIndex = 1; lastKnownFileType = text.xcconfig; name = "Pods-XMMenuView.release.xcconfig"; path = "Pods/Target Support Files/Pods-XMMenuView/Pods-XMMenuView.release.xcconfig"; sourceTree = "<group>"; };
		65E8CE922207B9B37CD87711 /* libPods-XMMenuView.a */ = {isa = PBXFileReference; explicitFileType = archive.ar; includeInIndex = 0; path = "libPods-XMMenuView.a"; sourceTree = BUILT_PRODUCTS_DIR; };
		9BA3067F22E9820100DBF1A8 /* XMMenuView.app */ = {isa = PBXFileReference; explicitFileType = wrapper.application; includeInIndex = 0; path = XMMenuView.app; sourceTree = BUILT_PRODUCTS_DIR; };
		9BA3068222E9820100DBF1A8 /* AppDelegate.h */ = {isa = PBXFileReference; lastKnownFileType = sourcecode.c.h; path = AppDelegate.h; sourceTree = "<group>"; };
		9BA3068322E9820100DBF1A8 /* AppDelegate.m */ = {isa = PBXFileReference; lastKnownFileType = sourcecode.c.objc; path = AppDelegate.m; sourceTree = "<group>"; };
		9BA3068922E9820100DBF1A8 /* Base */ = {isa = PBXFileReference; lastKnownFileType = file.storyboard; name = Base; path = Base.lproj/Main.storyboard; sourceTree = "<group>"; };
		9BA3068B22E9820200DBF1A8 /* Assets.xcassets */ = {isa = PBXFileReference; lastKnownFileType = folder.assetcatalog; path = Assets.xcassets; sourceTree = "<group>"; };
		9BA3068E22E9820200DBF1A8 /* Base */ = {isa = PBXFileReference; lastKnownFileType = file.storyboard; name = Base; path = Base.lproj/LaunchScreen.storyboard; sourceTree = "<group>"; };
		9BA3069022E9820200DBF1A8 /* Info.plist */ = {isa = PBXFileReference; lastKnownFileType = text.plist.xml; path = Info.plist; sourceTree = "<group>"; };
		9BA3069122E9820200DBF1A8 /* main.m */ = {isa = PBXFileReference; lastKnownFileType = sourcecode.c.objc; path = main.m; sourceTree = "<group>"; };
		9BA3069822E9836300DBF1A8 /* HomeViewController.h */ = {isa = PBXFileReference; lastKnownFileType = sourcecode.c.h; path = HomeViewController.h; sourceTree = "<group>"; };
		9BA3069922E9836300DBF1A8 /* HomeViewController.m */ = {isa = PBXFileReference; lastKnownFileType = sourcecode.c.objc; path = HomeViewController.m; sourceTree = "<group>"; };
		9BA3069C22E9875D00DBF1A8 /* XMMenuView.h */ = {isa = PBXFileReference; lastKnownFileType = sourcecode.c.h; path = XMMenuView.h; sourceTree = "<group>"; };
		9BA3069D22E9875D00DBF1A8 /* XMMenuView.m */ = {isa = PBXFileReference; lastKnownFileType = sourcecode.c.objc; path = XMMenuView.m; sourceTree = "<group>"; };
		9BA3069F22E9A15300DBF1A8 /* XMMenuTableHeaderView.h */ = {isa = PBXFileReference; lastKnownFileType = sourcecode.c.h; path = XMMenuTableHeaderView.h; sourceTree = "<group>"; };
		9BA306A022E9A15300DBF1A8 /* XMMenuTableHeaderView.m */ = {isa = PBXFileReference; lastKnownFileType = sourcecode.c.objc; path = XMMenuTableHeaderView.m; sourceTree = "<group>"; };
		B47890FF6B382DF3AEA7CC11 /* Pods-XMMenuView.debug.xcconfig */ = {isa = PBXFileReference; includeInIndex = 1; lastKnownFileType = text.xcconfig; name = "Pods-XMMenuView.debug.xcconfig"; path = "Pods/Target Support Files/Pods-XMMenuView/Pods-XMMenuView.debug.xcconfig"; sourceTree = "<group>"; };
/* End PBXFileReference section */

/* Begin PBXFrameworksBuildPhase section */
		9BA3067C22E9820100DBF1A8 /* Frameworks */ = {
			isa = PBXFrameworksBuildPhase;
			buildActionMask = 2147483647;
			files = (
				110B20E8BB76E5D207BB7D52 /* libPods-XMMenuView.a in Frameworks */,
			);
			runOnlyForDeploymentPostprocessing = 0;
		};
/* End PBXFrameworksBuildPhase section */

/* Begin PBXGroup section */
		9BA3067622E9820100DBF1A8 = {
			isa = PBXGroup;
			children = (
				9BA3068122E9820100DBF1A8 /* XMMenuView */,
				9BA3068022E9820100DBF1A8 /* Products */,
				EE31F63DAA9050E62B53CA98 /* Pods */,
				F190735FE24797123AB0639A /* Frameworks */,
			);
			sourceTree = "<group>";
		};
		9BA3068022E9820100DBF1A8 /* Products */ = {
			isa = PBXGroup;
			children = (
				9BA3067F22E9820100DBF1A8 /* XMMenuView.app */,
			);
			name = Products;
			sourceTree = "<group>";
		};
		9BA3068122E9820100DBF1A8 /* XMMenuView */ = {
			isa = PBXGroup;
			children = (
				9BA3068222E9820100DBF1A8 /* AppDelegate.h */,
				9BA3068322E9820100DBF1A8 /* AppDelegate.m */,
				9BA3069822E9836300DBF1A8 /* HomeViewController.h */,
				9BA3069922E9836300DBF1A8 /* HomeViewController.m */,
				9BA3069B22E9841A00DBF1A8 /* XMMenuView */,
				9BA3068822E9820100DBF1A8 /* Main.storyboard */,
				9BA3068B22E9820200DBF1A8 /* Assets.xcassets */,
				9BA3068D22E9820200DBF1A8 /* LaunchScreen.storyboard */,
				9BA3069022E9820200DBF1A8 /* Info.plist */,
				9BA3069122E9820200DBF1A8 /* main.m */,
			);
			path = XMMenuView;
			sourceTree = "<group>";
		};
		9BA3069B22E9841A00DBF1A8 /* XMMenuView */ = {
			isa = PBXGroup;
			children = (
				9BA3069C22E9875D00DBF1A8 /* XMMenuView.h */,
				9BA3069D22E9875D00DBF1A8 /* XMMenuView.m */,
				9BA3069F22E9A15300DBF1A8 /* XMMenuTableHeaderView.h */,
				9BA306A022E9A15300DBF1A8 /* XMMenuTableHeaderView.m */,
			);
			path = XMMenuView;
			sourceTree = "<group>";
		};
		EE31F63DAA9050E62B53CA98 /* Pods */ = {
			isa = PBXGroup;
			children = (
				B47890FF6B382DF3AEA7CC11 /* Pods-XMMenuView.debug.xcconfig */,
				2C193281DF4DFCE9964AF350 /* Pods-XMMenuView.release.xcconfig */,
			);
			name = Pods;
			sourceTree = "<group>";
		};
		F190735FE24797123AB0639A /* Frameworks */ = {
			isa = PBXGroup;
			children = (
				65E8CE922207B9B37CD87711 /* libPods-XMMenuView.a */,
			);
			name = Frameworks;
			sourceTree = "<group>";
		};
/* End PBXGroup section */

/* Begin PBXNativeTarget section */
		9BA3067E22E9820100DBF1A8 /* XMMenuView */ = {
			isa = PBXNativeTarget;
			buildConfigurationList = 9BA3069522E9820300DBF1A8 /* Build configuration list for PBXNativeTarget "XMMenuView" */;
			buildPhases = (
				1B68FC5063AFD81E6DC396DA /* [CP] Check Pods Manifest.lock */,
				9BA3067B22E9820100DBF1A8 /* Sources */,
				9BA3067C22E9820100DBF1A8 /* Frameworks */,
				9BA3067D22E9820100DBF1A8 /* Resources */,
				C93843A4DA47423F611B8035 /* [CP] Embed Pods Frameworks */,
			);
			buildRules = (
			);
			dependencies = (
			);
			name = XMMenuView;
			productName = XMMenuView;
			productReference = 9BA3067F22E9820100DBF1A8 /* XMMenuView.app */;
			productType = "com.apple.product-type.application";
		};
/* End PBXNativeTarget section */

/* Begin PBXProject section */
		9BA3067722E9820100DBF1A8 /* Project object */ = {
			isa = PBXProject;
			attributes = {
				LastUpgradeCheck = 1030;
				ORGANIZATIONNAME = JiuFuKeJi;
				TargetAttributes = {
					9BA3067E22E9820100DBF1A8 = {
						CreatedOnToolsVersion = 10.3;
					};
				};
			};
			buildConfigurationList = 9BA3067A22E9820100DBF1A8 /* Build configuration list for PBXProject "XMMenuView" */;
			compatibilityVersion = "Xcode 9.3";
			developmentRegion = en;
			hasScannedForEncodings = 0;
			knownRegions = (
				en,
				Base,
			);
			mainGroup = 9BA3067622E9820100DBF1A8;
			productRefGroup = 9BA3068022E9820100DBF1A8 /* Products */;
			projectDirPath = "";
			projectRoot = "";
			targets = (
				9BA3067E22E9820100DBF1A8 /* XMMenuView */,
			);
		};
/* End PBXProject section */

/* Begin PBXResourcesBuildPhase section */
		9BA3067D22E9820100DBF1A8 /* Resources */ = {
			isa = PBXResourcesBuildPhase;
			buildActionMask = 2147483647;
			files = (
				9BA3068F22E9820200DBF1A8 /* LaunchScreen.storyboard in Resources */,
				9BA3068C22E9820200DBF1A8 /* Assets.xcassets in Resources */,
				9BA3068A22E9820100DBF1A8 /* Main.storyboard in Resources */,
			);
			runOnlyForDeploymentPostprocessing = 0;
		};
/* End PBXResourcesBuildPhase section */

/* Begin PBXShellScriptBuildPhase section */
		1B68FC5063AFD81E6DC396DA /* [CP] Check Pods Manifest.lock */ = {
			isa = PBXShellScriptBuildPhase;
			buildActionMask = 2147483647;
			files = (
			);
			inputFileListPaths = (
			);
			inputPaths = (
				"${PODS_PODFILE_DIR_PATH}/Podfile.lock",
				"${PODS_ROOT}/Manifest.lock",
			);
			name = "[CP] Check Pods Manifest.lock";
			outputFileListPaths = (
			);
			outputPaths = (
				"$(DERIVED_FILE_DIR)/Pods-XMMenuView-checkManifestLockResult.txt",
			);
			runOnlyForDeploymentPostprocessing = 0;
			shellPath = /bin/sh;
			shellScript = "diff \"${PODS_PODFILE_DIR_PATH}/Podfile.lock\" \"${PODS_ROOT}/Manifest.lock\" > /dev/null\nif [ $? != 0 ] ; then\n    # print error to STDERR\n    echo \"error: The sandbox is not in sync with the Podfile.lock. Run 'pod install' or update your CocoaPods installation.\" >&2\n    exit 1\nfi\n# This output is used by Xcode 'outputs' to avoid re-running this script phase.\necho \"SUCCESS\" > \"${SCRIPT_OUTPUT_FILE_0}\"\n";
			showEnvVarsInLog = 0;
		};
		C93843A4DA47423F611B8035 /* [CP] Embed Pods Frameworks */ = {
			isa = PBXShellScriptBuildPhase;
			buildActionMask = 2147483647;
			files = (
			);
			inputFileListPaths = (
			);
			inputPaths = (
				"${SRCROOT}/Pods/Target Support Files/Pods-XMMenuView/Pods-XMMenuView-frameworks.sh",
				"${PODS_ROOT}/LookinServer/LookinServer.framework",
			);
			name = "[CP] Embed Pods Frameworks";
			outputFileListPaths = (
			);
			outputPaths = (
				"${TARGET_BUILD_DIR}/${FRAMEWORKS_FOLDER_PATH}/LookinServer.framework",
			);
			runOnlyForDeploymentPostprocessing = 0;
			shellPath = /bin/sh;
			shellScript = "\"${SRCROOT}/Pods/Target Support Files/Pods-XMMenuView/Pods-XMMenuView-frameworks.sh\"\n";
			showEnvVarsInLog = 0;
		};
/* End PBXShellScriptBuildPhase section */

/* Begin PBXSourcesBuildPhase section */
		9BA3067B22E9820100DBF1A8 /* Sources */ = {
			isa = PBXSourcesBuildPhase;
			buildActionMask = 2147483647;
			files = (
				9BA3069E22E9875D00DBF1A8 /* XMMenuView.m in Sources */,
				9BA3069222E9820200DBF1A8 /* main.m in Sources */,
				9BA3068422E9820100DBF1A8 /* AppDelegate.m in Sources */,
				9BA3069A22E9836300DBF1A8 /* HomeViewController.m in Sources */,
				9BA306A122E9A15300DBF1A8 /* XMMenuTableHeaderView.m in Sources */,
			);
			runOnlyForDeploymentPostprocessing = 0;
		};
/* End PBXSourcesBuildPhase section */

/* Begin PBXVariantGroup section */
		9BA3068822E9820100DBF1A8 /* Main.storyboard */ = {
			isa = PBXVariantGroup;
			children = (
				9BA3068922E9820100DBF1A8 /* Base */,
			);
			name = Main.storyboard;
			sourceTree = "<group>";
		};
		9BA3068D22E9820200DBF1A8 /* LaunchScreen.storyboard */ = {
			isa = PBXVariantGroup;
			children = (
				9BA3068E22E9820200DBF1A8 /* Base */,
			);
			name = LaunchScreen.storyboard;
			sourceTree = "<group>";
		};
/* End PBXVariantGroup section */

/* Begin XCBuildConfiguration section */
		9BA3069322E9820200DBF1A8 /* Debug */ = {
			isa = XCBuildConfiguration;
			buildSettings = {
				ALWAYS_SEARCH_USER_PATHS = NO;
				CLANG_ANALYZER_NONNULL = YES;
				CLANG_ANALYZER_NUMBER_OBJECT_CONVERSION = YES_AGGRESSIVE;
				CLANG_CXX_LANGUAGE_STANDARD = "gnu++14";
				CLANG_CXX_LIBRARY = "libc++";
				CLANG_ENABLE_MODULES = YES;
				CLANG_ENABLE_OBJC_ARC = YES;
				CLANG_ENABLE_OBJC_WEAK = YES;
				CLANG_WARN_BLOCK_CAPTURE_AUTORELEASING = YES;
				CLANG_WARN_BOOL_CONVERSION = YES;
				CLANG_WARN_COMMA = YES;
				CLANG_WARN_CONSTANT_CONVERSION = YES;
				CLANG_WARN_DEPRECATED_OBJC_IMPLEMENTATIONS = YES;
				CLANG_WARN_DIRECT_OBJC_ISA_USAGE = YES_ERROR;
				CLANG_WARN_DOCUMENTATION_COMMENTS = YES;
				CLANG_WARN_EMPTY_BODY = YES;
				CLANG_WARN_ENUM_CONVERSION = YES;
				CLANG_WARN_INFINITE_RECURSION = YES;
				CLANG_WARN_INT_CONVERSION = YES;
				CLANG_WARN_NON_LITERAL_NULL_CONVERSION = YES;
				CLANG_WARN_OBJC_IMPLICIT_RETAIN_SELF = YES;
				CLANG_WARN_OBJC_LITERAL_CONVERSION = YES;
				CLANG_WARN_OBJC_ROOT_CLASS = YES_ERROR;
				CLANG_WARN_RANGE_LOOP_ANALYSIS = YES;
				CLANG_WARN_STRICT_PROTOTYPES = YES;
				CLANG_WARN_SUSPICIOUS_MOVE = YES;
				CLANG_WARN_UNGUARDED_AVAILABILITY = YES_AGGRESSIVE;
				CLANG_WARN_UNREACHABLE_CODE = YES;
				CLANG_WARN__DUPLICATE_METHOD_MATCH = YES;
				CODE_SIGN_IDENTITY = "iPhone Developer";
				COPY_PHASE_STRIP = NO;
				DEBUG_INFORMATION_FORMAT = dwarf;
				ENABLE_STRICT_OBJC_MSGSEND = YES;
				ENABLE_TESTABILITY = YES;
				GCC_C_LANGUAGE_STANDARD = gnu11;
				GCC_DYNAMIC_NO_PIC = NO;
				GCC_NO_COMMON_BLOCKS = YES;
				GCC_OPTIMIZATION_LEVEL = 0;
				GCC_PREPROCESSOR_DEFINITIONS = (
					"DEBUG=1",
					"$(inherited)",
				);
				GCC_WARN_64_TO_32_BIT_CONVERSION = YES;
				GCC_WARN_ABOUT_RETURN_TYPE = YES_ERROR;
				GCC_WARN_UNDECLARED_SELECTOR = YES;
				GCC_WARN_UNINITIALIZED_AUTOS = YES_AGGRESSIVE;
				GCC_WARN_UNUSED_FUNCTION = YES;
				GCC_WARN_UNUSED_VARIABLE = YES;
				IPHONEOS_DEPLOYMENT_TARGET = 12.4;
				MTL_ENABLE_DEBUG_INFO = INCLUDE_SOURCE;
				MTL_FAST_MATH = YES;
				ONLY_ACTIVE_ARCH = YES;
				SDKROOT = iphoneos;
			};
			name = Debug;
		};
		9BA3069422E9820300DBF1A8 /* Release */ = {
			isa = XCBuildConfiguration;
			buildSettings = {
				ALWAYS_SEARCH_USER_PATHS = NO;
				CLANG_ANALYZER_NONNULL = YES;
				CLANG_ANALYZER_NUMBER_OBJECT_CONVERSION = YES_AGGRESSIVE;
				CLANG_CXX_LANGUAGE_STANDARD = "gnu++14";
				CLANG_CXX_LIBRARY = "libc++";
				CLANG_ENABLE_MODULES = YES;
				CLANG_ENABLE_OBJC_ARC = YES;
				CLANG_ENABLE_OBJC_WEAK = YES;
				CLANG_WARN_BLOCK_CAPTURE_AUTORELEASING = YES;
				CLANG_WARN_BOOL_CONVERSION = YES;
				CLANG_WARN_COMMA = YES;
				CLANG_WARN_CONSTANT_CONVERSION = YES;
				CLANG_WARN_DEPRECATED_OBJC_IMPLEMENTATIONS = YES;
				CLANG_WARN_DIRECT_OBJC_ISA_USAGE = YES_ERROR;
				CLANG_WARN_DOCUMENTATION_COMMENTS = YES;
				CLANG_WARN_EMPTY_BODY = YES;
				CLANG_WARN_ENUM_CONVERSION = YES;
				CLANG_WARN_INFINITE_RECURSION = YES;
				CLANG_WARN_INT_CONVERSION = YES;
				CLANG_WARN_NON_LITERAL_NULL_CONVERSION = YES;
				CLANG_WARN_OBJC_IMPLICIT_RETAIN_SELF = YES;
				CLANG_WARN_OBJC_LITERAL_CONVERSION = YES;
				CLANG_WARN_OBJC_ROOT_CLASS = YES_ERROR;
				CLANG_WARN_RANGE_LOOP_ANALYSIS = YES;
				CLANG_WARN_STRICT_PROTOTYPES = YES;
				CLANG_WARN_SUSPICIOUS_MOVE = YES;
				CLANG_WARN_UNGUARDED_AVAILABILITY = YES_AGGRESSIVE;
				CLANG_WARN_UNREACHABLE_CODE = YES;
				CLANG_WARN__DUPLICATE_METHOD_MATCH = YES;
				CODE_SIGN_IDENTITY = "iPhone Developer";
				COPY_PHASE_STRIP = NO;
				DEBUG_INFORMATION_FORMAT = "dwarf-with-dsym";
				ENABLE_NS_ASSERTIONS = NO;
				ENABLE_STRICT_OBJC_MSGSEND = YES;
				GCC_C_LANGUAGE_STANDARD = gnu11;
				GCC_NO_COMMON_BLOCKS = YES;
				GCC_WARN_64_TO_32_BIT_CONVERSION = YES;
				GCC_WARN_ABOUT_RETURN_TYPE = YES_ERROR;
				GCC_WARN_UNDECLARED_SELECTOR = YES;
				GCC_WARN_UNINITIALIZED_AUTOS = YES_AGGRESSIVE;
				GCC_WARN_UNUSED_FUNCTION = YES;
				GCC_WARN_UNUSED_VARIABLE = YES;
				IPHONEOS_DEPLOYMENT_TARGET = 12.4;
				MTL_ENABLE_DEBUG_INFO = NO;
				MTL_FAST_MATH = YES;
				SDKROOT = iphoneos;
				VALIDATE_PRODUCT = YES;
			};
			name = Release;
		};
		9BA3069622E9820300DBF1A8 /* Debug */ = {
			isa = XCBuildConfiguration;
			baseConfigurationReference = B47890FF6B382DF3AEA7CC11 /* Pods-XMMenuView.debug.xcconfig */;
			buildSettings = {
				ASSETCATALOG_COMPILER_APPICON_NAME = AppIcon;
				CODE_SIGN_STYLE = Automatic;
				DEVELOPMENT_TEAM = 8V3D3JG4H4;
				INFOPLIST_FILE = XMMenuView/Info.plist;
				LD_RUNPATH_SEARCH_PATHS = (
					"$(inherited)",
					"@executable_path/Frameworks",
				);
				PRODUCT_BUNDLE_IDENTIFIER = com.baidu.com.XMMenuView;
				PRODUCT_NAME = "$(TARGET_NAME)";
				TARGETED_DEVICE_FAMILY = "1,2";
			};
			name = Debug;
		};
		9BA3069722E9820300DBF1A8 /* Release */ = {
			isa = XCBuildConfiguration;
			baseConfigurationReference = 2C193281DF4DFCE9964AF350 /* Pods-XMMenuView.release.xcconfig */;
			buildSettings = {
				ASSETCATALOG_COMPILER_APPICON_NAME = AppIcon;
				CODE_SIGN_STYLE = Automatic;
				DEVELOPMENT_TEAM = 8V3D3JG4H4;
				INFOPLIST_FILE = XMMenuView/Info.plist;
				LD_RUNPATH_SEARCH_PATHS = (
					"$(inherited)",
					"@executable_path/Frameworks",
				);
				PRODUCT_BUNDLE_IDENTIFIER = com.baidu.com.XMMenuView;
				PRODUCT_NAME = "$(TARGET_NAME)";
				TARGETED_DEVICE_FAMILY = "1,2";
			};
			name = Release;
		};
/* End XCBuildConfiguration section */

/* Begin XCConfigurationList section */
		9BA3067A22E9820100DBF1A8 /* Build configuration list for PBXProject "XMMenuView" */ = {
			isa = XCConfigurationList;
			buildConfigurations = (
				9BA3069322E9820200DBF1A8 /* Debug */,
				9BA3069422E9820300DBF1A8 /* Release */,
			);
			defaultConfigurationIsVisible = 0;
			defaultConfigurationName = Release;
		};
		9BA3069522E9820300DBF1A8 /* Build configuration list for PBXNativeTarget "XMMenuView" */ = {
			isa = XCConfigurationList;
			buildConfigurations = (
				9BA3069622E9820300DBF1A8 /* Debug */,
				9BA3069722E9820300DBF1A8 /* Release */,
			);
			defaultConfigurationIsVisible = 0;
			defaultConfigurationName = Release;
		};
/* End XCConfigurationList section */
	};
	rootObject = 9BA3067722E9820100DBF1A8 /* Project object */;
}
